<?xml version="1.0" encoding="utf-8"?>
<Project ToolsVersion="4.0" xmlns="http://schemas.microsoft.com/developer/msbuild/2003">
  <ItemGroup>
    <Filter Include="Source Files">
      <UniqueIdentifier>{4FC737F1-C7A5-4376-A066-2A32D752A2FF}</UniqueIdentifier>
      <Extensions>cpp;c;cc;cxx;def;odl;idl;hpj;bat;asm;asmx</Extensions>
    </Filter>
    <Filter Include="Header Files">
      <UniqueIdentifier>{93995380-89BD-4b04-88EB-625FBE52EBFB}</UniqueIdentifier>
      <Extensions>h;hh;hpp;hxx;hm;inl;inc;ipp;xsd</Extensions>
    </Filter>
    <Filter Include="Resource Files">
      <UniqueIdentifier>{67DA6AB6-F800-4c08-8B7A-83BB121AAD01}</UniqueIdentifier>
      <Extensions>rc;ico;cur;bmp;dlg;rc2;rct;bin;rgs;gif;jpg;jpeg;jpe;resx;tiff;tif;png;wav;mfcribbon-ms</Extensions>
    </Filter>
    <Filter Include="Header Files\items">
      <UniqueIdentifier>{c6f08517-63ff-4dec-b7d7-73d8f2a1a1fb}</UniqueIdentifier>
    </Filter>
    <Filter Include="Source Files\items">
      <UniqueIdentifier>{e9b98643-386a-477f-81f9-c60c8cd69eba}</UniqueIdentifier>
    </Filter>
    <Filter Include="Header Files\items\weapons">
      <UniqueIdentifier>{51857676-6afc-41fe-b633-434e74effeec}</UniqueIdentifier>
    </Filter>
    <Filter Include="Header Files\items\potions">
      <UniqueIdentifier>{2cb27665-e8d2-43b0-9d3e-02be3bda0c75}</UniqueIdentifier>
    </Filter>
    <Filter Include="Source Files\items\potions">
      <UniqueIdentifier>{6e0b436e-1e4f-4b1c-93fa-80f3726e2708}</UniqueIdentifier>
    </Filter>
    <Filter Include="Source Files\items\weapons">
      <UniqueIdentifier>{e340e166-9318-4e91-8676-bef7780cf876}</UniqueIdentifier>
    </Filter>
  </ItemGroup>
  <ItemGroup>
    <ClCompile Include="main.cpp">
      <Filter>Source Files</Filter>
    </ClCompile>
    <ClCompile Include="player.cpp">
      <Filter>Source Files</Filter>
    </ClCompile>
    <ClCompile Include="enemy.cpp">
      <Filter>Source Files</Filter>
    </ClCompile>
    <ClCompile Include="unit.cpp">
      <Filter>Source Files</Filter>
    </ClCompile>
    <ClCompile Include="gameobject.cpp">
      <Filter>Source Files</Filter>
    </ClCompile>
    <ClCompile Include="item.cpp">
      <Filter>Source Files\items</Filter>
    </ClCompile>
    <ClCompile Include="game.cpp">
      <Filter>Source Files</Filter>
    </ClCompile>
    <ClCompile Include="potion.cpp">
      <Filter>Source Files\items\potions</Filter>
    </ClCompile>
    <ClCompile Include="sword.cpp">
      <Filter>Source Files\items\weapons</Filter>
    </ClCompile>
    <ClCompile Include="healingpotion.cpp">
      <Filter>Source Files\items\potions</Filter>
    </ClCompile>
    <ClCompile Include="bow.cpp">
      <Filter>Source Files\items\weapons</Filter>
    </ClCompile>
    <ClCompile Include="weapon.cpp">
      <Filter>Source Files\items\weapons</Filter>
    </ClCompile>
  </ItemGroup>
  <ItemGroup>
    <ClInclude Include="game.h">
      <Filter>Header Files</Filter>
    </ClInclude>
    <ClInclude Include="player.h">
      <Filter>Header Files</Filter>
    </ClInclude>
    <ClInclude Include="enemy.h">
      <Filter>Header Files</Filter>
    </ClInclude>
    <ClInclude Include="unit.h">
      <Filter>Header Files</Filter>
    </ClInclude>
    <ClInclude Include="gameexceptions.h">
      <Filter>Header Files</Filter>
    </ClInclude>
    <ClInclude Include="gameobject.h">
      <Filter>Header Files</Filter>
    </ClInclude>
    <ClInclude Include="item.h">
      <Filter>Header Files\items</Filter>
    </ClInclude>
    <ClInclude Include="sword.h">
      <Filter>Header Files\items\weapons</Filter>
    </ClInclude>
    <ClInclude Include="potion.h">
      <Filter>Header Files\items\potions</Filter>
    </ClInclude>
    <ClInclude Include="healingpotion.h">
      <Filter>Header Files\items\potions</Filter>
    </ClInclude>
    <ClInclude Include="weapon.h">
      <Filter>Header Files\items\weapons</Filter>
    </ClInclude>
    <ClInclude Include="bow.h">
      <Filter>Header Files\items\weapons</Filter>
    </ClInclude>
  </ItemGroup>
</Project>